
Microsoft Visual Studio Solution File, Format Version 12.00
# Visual Studio Version 17
VisualStudioVersion = 17.1.32319.34
MinimumVisualStudioVersion = 10.0.40219.1
Project("{FAE04EC0-301F-11D3-BF4B-00C04F79EFBC}") = "Consola", "Consola\Consola.csproj", "{F2D3A16B-265C-41F0-A9FE-F759E2C3E90D}"
EndProject
Project("{FAE04EC0-301F-11D3-BF4B-00C04F79EFBC}") = "CoreLibrary", "CoreLibrary\CoreLibrary.csproj", "{2A412A0F-1B9F-431C-B0A8-73F27F8BAC7D}"
EndProject
Global
	GlobalSection(SolutionConfigurationPlatforms) = preSolution
		Debug|Any CPU = Debug|Any CPU
		Release|Any CPU = Release|Any CPU
	EndGlobalSection
	GlobalSection(ProjectConfigurationPlatforms) = postSolution
		{F2D3A16B-265C-41F0-A9FE-F759E2C3E90D}.Debug|Any CPU.ActiveCfg = Debug|Any CPU
		{F2D3A16B-265C-41F0-A9FE-F759E2C3E90D}.Debug|Any CPU.Build.0 = Debug|Any CPU
		{F2D3A16B-265C-41F0-A9FE-F759E2C3E90D}.Release|Any CPU.ActiveCfg = Release|Any CPU
		{F2D3A16B-265C-41F0-A9FE-F759E2C3E90D}.Release|Any CPU.Build.0 = Release|Any CPU
		{2A412A0F-1B9F-431C-B0A8-73F27F8BAC7D}.Debug|Any CPU.ActiveCfg = Debug|Any CPU
		{2A412A0F-1B9F-431C-B0A8-73F27F8BAC7D}.Debug|Any CPU.Build.0 = Debug|Any CPU
		{2A412A0F-1B9F-431C-B0A8-73F27F8BAC7D}.Release|Any CPU.ActiveCfg = Release|Any CPU
		{2A412A0F-1B9F-431C-B0A8-73F27F8BAC7D}.Release|Any CPU.Build.0 = Release|Any CPU
	EndGlobalSection
	GlobalSection(SolutionProperties) = preSolution
		HideSolutionNode = FALSE
	EndGlobalSection
	GlobalSection(ExtensibilityGlobals) = postSolution
		SolutionGuid = {2C4D368F-5BDE-40B7-80D9-E154C531259D}
	EndGlobalSection
EndGlobal
